
Microsoft Visual Studio Solution File, Format Version 12.00
# Visual Studio Version 17
VisualStudioVersion = 17.9.34607.119
MinimumVisualStudioVersion = 10.0.40219.1
Project("{9A19103F-16F7-4668-BE54-9A1E7A4F7556}") = "Ovation.WebAPI", "Ovation.WebAPI\Ovation.WebAPI.csproj", "{E57B6FBF-1E77-4FAB-90DE-8953248D9D1C}"
EndProject
Project("{FAE04EC0-301F-11D3-BF4B-00C04F79EFBC}") = "Ovation.Domain", "Ovation.Domain\Ovation.Domain.csproj", "{CCA9E264-8CAD-4FA1-9411-CC67B7C64280}"
EndProject
Project("{FAE04EC0-301F-11D3-BF4B-00C04F79EFBC}") = "Ovation.Application", "Ovation.Application\Ovation.Application.csproj", "{C76E54AB-FA3C-4E89-83C0-D14D5288BA9E}"
EndProject
Project("{FAE04EC0-301F-11D3-BF4B-00C04F79EFBC}") = "Ovation.Persistence", "Ovation.Infrastructure\Ovation.Persistence.csproj", "{33E276CC-171B-4DBC-99C2-5C2951EBFAB9}"
EndProject
Project("{2150E333-8FDC-42A3-9474-1A3956D46DE8}") = "Core", "Core", "{43CD5F7A-7DE3-474D-BB7A-0A17B374A50B}"
	ProjectSection(SolutionItems) = preProject
		Rules.md = Rules.md
	EndProjectSection
EndProject
Project("{2150E333-8FDC-42A3-9474-1A3956D46DE8}") = "Infrastructure", "Infrastructure", "{4D64F67C-15CD-4C82-924B-43645D62836B}"
EndProject
Project("{2150E333-8FDC-42A3-9474-1A3956D46DE8}") = "Presentation", "Presentation", "{7EBB3126-3279-4AA9-BEFB-60FB405B32B8}"
EndProject
Global
	GlobalSection(SolutionConfigurationPlatforms) = preSolution
		Debug|Any CPU = Debug|Any CPU
		Release|Any CPU = Release|Any CPU
	EndGlobalSection
	GlobalSection(ProjectConfigurationPlatforms) = postSolution
		{E57B6FBF-1E77-4FAB-90DE-8953248D9D1C}.Debug|Any CPU.ActiveCfg = Debug|Any CPU
		{E57B6FBF-1E77-4FAB-90DE-8953248D9D1C}.Debug|Any CPU.Build.0 = Debug|Any CPU
		{E57B6FBF-1E77-4FAB-90DE-8953248D9D1C}.Release|Any CPU.ActiveCfg = Release|Any CPU
		{E57B6FBF-1E77-4FAB-90DE-8953248D9D1C}.Release|Any CPU.Build.0 = Release|Any CPU
		{CCA9E264-8CAD-4FA1-9411-CC67B7C64280}.Debug|Any CPU.ActiveCfg = Debug|Any CPU
		{CCA9E264-8CAD-4FA1-9411-CC67B7C64280}.Debug|Any CPU.Build.0 = Debug|Any CPU
		{CCA9E264-8CAD-4FA1-9411-CC67B7C64280}.Release|Any CPU.ActiveCfg = Release|Any CPU
		{CCA9E264-8CAD-4FA1-9411-CC67B7C64280}.Release|Any CPU.Build.0 = Release|Any CPU
		{C76E54AB-FA3C-4E89-83C0-D14D5288BA9E}.Debug|Any CPU.ActiveCfg = Debug|Any CPU
		{C76E54AB-FA3C-4E89-83C0-D14D5288BA9E}.Debug|Any CPU.Build.0 = Debug|Any CPU
		{C76E54AB-FA3C-4E89-83C0-D14D5288BA9E}.Release|Any CPU.ActiveCfg = Release|Any CPU
		{C76E54AB-FA3C-4E89-83C0-D14D5288BA9E}.Release|Any CPU.Build.0 = Release|Any CPU
		{33E276CC-171B-4DBC-99C2-5C2951EBFAB9}.Debug|Any CPU.ActiveCfg = Debug|Any CPU
		{33E276CC-171B-4DBC-99C2-5C2951EBFAB9}.Debug|Any CPU.Build.0 = Debug|Any CPU
		{33E276CC-171B-4DBC-99C2-5C2951EBFAB9}.Release|Any CPU.ActiveCfg = Release|Any CPU
		{33E276CC-171B-4DBC-99C2-5C2951EBFAB9}.Release|Any CPU.Build.0 = Release|Any CPU
	EndGlobalSection
	GlobalSection(SolutionProperties) = preSolution
		HideSolutionNode = FALSE
	EndGlobalSection
	GlobalSection(NestedProjects) = preSolution
		{E57B6FBF-1E77-4FAB-90DE-8953248D9D1C} = {7EBB3126-3279-4AA9-BEFB-60FB405B32B8}
		{CCA9E264-8CAD-4FA1-9411-CC67B7C64280} = {43CD5F7A-7DE3-474D-BB7A-0A17B374A50B}
		{C76E54AB-FA3C-4E89-83C0-D14D5288BA9E} = {43CD5F7A-7DE3-474D-BB7A-0A17B374A50B}
		{33E276CC-171B-4DBC-99C2-5C2951EBFAB9} = {4D64F67C-15CD-4C82-924B-43645D62836B}
	EndGlobalSection
	GlobalSection(ExtensibilityGlobals) = postSolution
		SolutionGuid = {670B7C97-BAC0-4E4D-9863-057C2FE6D27B}
	EndGlobalSection
EndGlobal
